<?xml version="1.0" encoding="utf-8"?>
<Project ToolsVersion="4.0" xmlns="http://schemas.microsoft.com/developer/msbuild/2003">
  <ItemGroup>
    <ClCompile Include="src\RE\offsets.cpp">
      <Filter>src\RE</Filter>
    </ClCompile>
    <ClCompile Include="src\RE\havok.cpp">
      <Filter>src\RE</Filter>
    </ClCompile>
    <ClCompile Include="src\blender.cpp">
      <Filter>src</Filter>
    </ClCompile>
    <ClCompile Include="src\config.cpp">
      <Filter>src</Filter>
    </ClCompile>
    <ClCompile Include="src\higgsinterface001.cpp">
      <Filter>src</Filter>
    </ClCompile>
    <ClCompile Include="src\main.cpp">
      <Filter>src</Filter>
    </ClCompile>
    <ClCompile Include="src\math_utils.cpp">
      <Filter>src</Filter>
    </ClCompile>
    <ClCompile Include="src\utils.cpp">
      <Filter>src</Filter>
    </ClCompile>
  </ItemGroup>
  <ItemGroup>
    <ClInclude Include="include\RE\offsets.h">
      <Filter>include\RE</Filter>
    </ClInclude>
    <ClInclude Include="include\RE\misc.h">
      <Filter>include\RE</Filter>
    </ClInclude>
    <ClInclude Include="include\RE\havok.h">
      <Filter>include\RE</Filter>
    </ClInclude>
    <ClInclude Include="include\RE\havok_behavior.h">
      <Filter>include\RE</Filter>
    </ClInclude>
    <ClInclude Include="include\blender.h">
      <Filter>include</Filter>
    </ClInclude>
    <ClInclude Include="include\config.h">
      <Filter>include</Filter>
    </ClInclude>
    <ClInclude Include="include\havok_ref_ptr.h">
      <Filter>include</Filter>
    </ClInclude>
    <ClInclude Include="include\higgsinterface001.h">
      <Filter>include</Filter>
    </ClInclude>
    <ClInclude Include="include\main.h">
      <Filter>include</Filter>
    </ClInclude>
    <ClInclude Include="include\math_utils.h">
      <Filter>include</Filter>
    </ClInclude>
    <ClInclude Include="resource.h">
      <Filter>include</Filter>
    </ClInclude>
    <ClInclude Include="include\utils.h">
      <Filter>include</Filter>
    </ClInclude>
    <ClInclude Include="include\version.h">
      <Filter>include</Filter>
    </ClInclude>
  </ItemGroup>
  <ItemGroup>
    <None Include="exports.def" />
  </ItemGroup>
  <ItemGroup>
    <Filter Include="src">
      <UniqueIdentifier>{b0178918-1063-47cb-b810-e0824823e993}</UniqueIdentifier>
    </Filter>
    <Filter Include="include">
      <UniqueIdentifier>{c2debf08-6181-470e-9ae0-b49fde4138b0}</UniqueIdentifier>
    </Filter>
    <Filter Include="include\RE">
      <UniqueIdentifier>{da2c9ab4-c2fd-48a3-bd35-9aa316a1e1d4}</UniqueIdentifier>
    </Filter>
    <Filter Include="src\RE">
      <UniqueIdentifier>{cbdb1515-d1a7-49f1-924b-831723a5f646}</UniqueIdentifier>
    </Filter>
  </ItemGroup>
</Project>